
Microsoft Visual Studio Solution File, Format Version 12.00
# Visual Studio Version 18
VisualStudioVersion = 18.5.11723.231
MinimumVisualStudioVersion = 10.0.40219.1
Project("{FAE04EC0-301F-11D3-BF4B-00C04F79EFBC}") = "ClinicManager", "ClinicManager.csproj", "{3F84598E-BC0F-DF9E-BDC6-EB37445AA556}"
EndProject
Global
	GlobalSection(SolutionConfigurationPlatforms) = preSolution
		Debug|Any CPU = Debug|Any CPU
		Release|Any CPU = Release|Any CPU
	EndGlobalSection
	GlobalSection(ProjectConfigurationPlatforms) = postSolution
		{3F84598E-BC0F-DF9E-BDC6-EB37445AA556}.Debug|Any CPU.ActiveCfg = Debug|Any CPU
		{3F84598E-BC0F-DF9E-BDC6-EB37445AA556}.Debug|Any CPU.Build.0 = Debug|Any CPU
		{3F84598E-BC0F-DF9E-BDC6-EB37445AA556}.Release|Any CPU.ActiveCfg = Release|Any CPU
		{3F84598E-BC0F-DF9E-BDC6-EB37445AA556}.Release|Any CPU.Build.0 = Release|Any CPU
	EndGlobalSection
	GlobalSection(SolutionProperties) = preSolution
		HideSolutionNode = FALSE
	EndGlobalSection
	GlobalSection(ExtensibilityGlobals) = postSolution
		SolutionGuid = {91D0F258-8CA2-4A70-BCD3-28FFE0A30466}
	EndGlobalSection
EndGlobal
